<?xml version="1.0" encoding="utf-8"?>
<Project ToolsVersion="4.0" xmlns="http://schemas.microsoft.com/developer/msbuild/2003">
  <ItemGroup>
    <Filter Include="src">
      <UniqueIdentifier>{3a1ddd7a-c8e9-4296-bc07-ef3f3afc44ad}</UniqueIdentifier>
    </Filter>
  </ItemGroup>
  <ItemGroup>
    <ClCompile Include="src\draw.c" />
    <ClCompile Include="src\init.c" />
    <ClCompile Include="src\input.c" />
    <ClCompile Include="src\main.c" />
    <ClCompile Include="src\vector2.c" />
    <ClCompile Include="src\common.c" />
    <ClCompile Include="src\player.c" />
  </ItemGroup>
  <ItemGroup>
    <ClInclude Include="src\common.h" />
    <ClInclude Include="src\defs.h" />
    <ClInclude Include="src\draw.h" />
    <ClInclude Include="src\init.h" />
    <ClInclude Include="src\input.h" />
    <ClInclude Include="src\main.h" />
    <ClInclude Include="src\structs.h" />
    <ClInclude Include="src\vector2.h" />
    <ClInclude Include="src\player.h" />
  </ItemGroup>
  <ItemGroup>
    <Text Include="CMakeLists.txt" />
  </ItemGroup>
  <ItemGroup>
    <Image Include="gfx\boid.png" />
  </ItemGroup>
</Project>